
Microsoft Visual Studio Solution File, Format Version 12.00
# Visual Studio Version 16
VisualStudioVersion = 16.0.29209.62
MinimumVisualStudioVersion = 10.0.40219.1
Project("{FAE04EC0-301F-11D3-BF4B-00C04F79EFBC}") = "Project_Module-06", "Project_Module-06.csproj", "{ECDAA75A-5B68-46E5-9DFD-2AB664266A1E}"
EndProject
Global
	GlobalSection(SolutionConfigurationPlatforms) = preSolution
		Debug|Any CPU = Debug|Any CPU
		Release|Any CPU = Release|Any CPU
	EndGlobalSection
	GlobalSection(ProjectConfigurationPlatforms) = postSolution
		{ECDAA75A-5B68-46E5-9DFD-2AB664266A1E}.Debug|Any CPU.ActiveCfg = Debug|Any CPU
		{ECDAA75A-5B68-46E5-9DFD-2AB664266A1E}.Debug|Any CPU.Build.0 = Debug|Any CPU
		{ECDAA75A-5B68-46E5-9DFD-2AB664266A1E}.Release|Any CPU.ActiveCfg = Release|Any CPU
		{ECDAA75A-5B68-46E5-9DFD-2AB664266A1E}.Release|Any CPU.Build.0 = Release|Any CPU
	EndGlobalSection
	GlobalSection(SolutionProperties) = preSolution
		HideSolutionNode = FALSE
	EndGlobalSection
	GlobalSection(ExtensibilityGlobals) = postSolution
		SolutionGuid = {BDD681FB-E50A-43EB-AAF9-92AA7DC95554}
	EndGlobalSection
EndGlobal
